
Microsoft Visual Studio Solution File, Format Version 12.00
# Visual Studio 2012
Project("{FAE04EC0-301F-11D3-BF4B-00C04F79EFBC}") = "MvcApplication1", "MvcApplication1\MvcApplication1.csproj", "{286338E3-D167-4EF6-BE7B-C7127AA80C2E}"
EndProject
Project("{FAE04EC0-301F-11D3-BF4B-00C04F79EFBC}") = "DataAccess", "DataAccess\DataAccess.csproj", "{1E4A5696-5E2B-45EE-ABCB-EE3B5316DF81}"
EndProject
Global
	GlobalSection(SolutionConfigurationPlatforms) = preSolution
		Debug|Any CPU = Debug|Any CPU
		Release|Any CPU = Release|Any CPU
	EndGlobalSection
	GlobalSection(ProjectConfigurationPlatforms) = postSolution
		{286338E3-D167-4EF6-BE7B-C7127AA80C2E}.Debug|Any CPU.ActiveCfg = Debug|Any CPU
		{286338E3-D167-4EF6-BE7B-C7127AA80C2E}.Debug|Any CPU.Build.0 = Debug|Any CPU
		{286338E3-D167-4EF6-BE7B-C7127AA80C2E}.Release|Any CPU.ActiveCfg = Release|Any CPU
		{286338E3-D167-4EF6-BE7B-C7127AA80C2E}.Release|Any CPU.Build.0 = Release|Any CPU
		{1E4A5696-5E2B-45EE-ABCB-EE3B5316DF81}.Debug|Any CPU.ActiveCfg = Debug|Any CPU
		{1E4A5696-5E2B-45EE-ABCB-EE3B5316DF81}.Debug|Any CPU.Build.0 = Debug|Any CPU
		{1E4A5696-5E2B-45EE-ABCB-EE3B5316DF81}.Release|Any CPU.ActiveCfg = Release|Any CPU
		{1E4A5696-5E2B-45EE-ABCB-EE3B5316DF81}.Release|Any CPU.Build.0 = Release|Any CPU
	EndGlobalSection
	GlobalSection(SolutionProperties) = preSolution
		HideSolutionNode = FALSE
	EndGlobalSection
EndGlobal
